
Microsoft Visual Studio Solution File, Format Version 12.00
# Visual Studio Version 17
VisualStudioVersion = 17.2.32616.157
MinimumVisualStudioVersion = 10.0.40219.1
Project("{9A19103F-16F7-4668-BE54-9A1E7A4F7556}") = "ByteBank", "ByteBank\ByteBank.csproj", "{3F9242DD-C57F-4AA6-8F13-8407FC35CB36}"
EndProject
Project("{9A19103F-16F7-4668-BE54-9A1E7A4F7556}") = "Opcional1 - Exercicio_MercadoMenorPreço", "Opcional1 - Exercicio_MercadoMenorPreço\Opcional1 - Exercicio_MercadoMenorPreço.csproj", "{B35CCF55-CCFE-4120-87EA-9A6B65058EC3}"
EndProject
Project("{9A19103F-16F7-4668-BE54-9A1E7A4F7556}") = "Opcional2 - CadastroDePacientes", "Opcional2 - CadastroDePacientes\Opcional2 - CadastroDePacientes.csproj", "{CD846003-423A-4847-BEE0-C12DB9553DE2}"
EndProject
Project("{9A19103F-16F7-4668-BE54-9A1E7A4F7556}") = "Opcional3 - FranquiaFastfood", "Opcional3 - FranquiaFastfood\Opcional3 - FranquiaFastfood.csproj", "{D23CC6A0-872D-434B-BCA4-CAA81F6AE57B}"
EndProject
Project("{FAE04EC0-301F-11D3-BF4B-00C04F79EFBC}") = "Opcional4 - ProblemaPropriedades", "Opcional4 - ProblemaPropriedades\Opcional4 - ProblemaPropriedades.csproj", "{F004098B-A89B-401B-AE14-EE1B1729EF65}"
EndProject
Global
	GlobalSection(SolutionConfigurationPlatforms) = preSolution
		Debug|Any CPU = Debug|Any CPU
		Release|Any CPU = Release|Any CPU
	EndGlobalSection
	GlobalSection(ProjectConfigurationPlatforms) = postSolution
		{3F9242DD-C57F-4AA6-8F13-8407FC35CB36}.Debug|Any CPU.ActiveCfg = Debug|Any CPU
		{3F9242DD-C57F-4AA6-8F13-8407FC35CB36}.Debug|Any CPU.Build.0 = Debug|Any CPU
		{3F9242DD-C57F-4AA6-8F13-8407FC35CB36}.Release|Any CPU.ActiveCfg = Release|Any CPU
		{3F9242DD-C57F-4AA6-8F13-8407FC35CB36}.Release|Any CPU.Build.0 = Release|Any CPU
		{B35CCF55-CCFE-4120-87EA-9A6B65058EC3}.Debug|Any CPU.ActiveCfg = Debug|Any CPU
		{B35CCF55-CCFE-4120-87EA-9A6B65058EC3}.Debug|Any CPU.Build.0 = Debug|Any CPU
		{B35CCF55-CCFE-4120-87EA-9A6B65058EC3}.Release|Any CPU.ActiveCfg = Release|Any CPU
		{B35CCF55-CCFE-4120-87EA-9A6B65058EC3}.Release|Any CPU.Build.0 = Release|Any CPU
		{CD846003-423A-4847-BEE0-C12DB9553DE2}.Debug|Any CPU.ActiveCfg = Debug|Any CPU
		{CD846003-423A-4847-BEE0-C12DB9553DE2}.Debug|Any CPU.Build.0 = Debug|Any CPU
		{CD846003-423A-4847-BEE0-C12DB9553DE2}.Release|Any CPU.ActiveCfg = Release|Any CPU
		{CD846003-423A-4847-BEE0-C12DB9553DE2}.Release|Any CPU.Build.0 = Release|Any CPU
		{D23CC6A0-872D-434B-BCA4-CAA81F6AE57B}.Debug|Any CPU.ActiveCfg = Debug|Any CPU
		{D23CC6A0-872D-434B-BCA4-CAA81F6AE57B}.Debug|Any CPU.Build.0 = Debug|Any CPU
		{D23CC6A0-872D-434B-BCA4-CAA81F6AE57B}.Release|Any CPU.ActiveCfg = Release|Any CPU
		{D23CC6A0-872D-434B-BCA4-CAA81F6AE57B}.Release|Any CPU.Build.0 = Release|Any CPU
		{F004098B-A89B-401B-AE14-EE1B1729EF65}.Debug|Any CPU.ActiveCfg = Debug|Any CPU
		{F004098B-A89B-401B-AE14-EE1B1729EF65}.Debug|Any CPU.Build.0 = Debug|Any CPU
		{F004098B-A89B-401B-AE14-EE1B1729EF65}.Release|Any CPU.ActiveCfg = Release|Any CPU
		{F004098B-A89B-401B-AE14-EE1B1729EF65}.Release|Any CPU.Build.0 = Release|Any CPU
	EndGlobalSection
	GlobalSection(SolutionProperties) = preSolution
		HideSolutionNode = FALSE
	EndGlobalSection
	GlobalSection(ExtensibilityGlobals) = postSolution
		SolutionGuid = {3813A02F-18E8-4692-928D-0231D6B599D9}
	EndGlobalSection
EndGlobal
